
Microsoft Visual Studio Solution File, Format Version 12.00
# Visual Studio 15
VisualStudioVersion = 15.0.27130.2010
MinimumVisualStudioVersion = 10.0.40219.1
Project("{FAE04EC0-301F-11D3-BF4B-00C04F79EFBC}") = "Profile", "Profile\Profile.csproj", "{2F8E938E-C0C6-4DB1-9CC0-46FA705B004D}"
EndProject
Global
	GlobalSection(SolutionConfigurationPlatforms) = preSolution
		Debug|Any CPU = Debug|Any CPU
		Release|Any CPU = Release|Any CPU
	EndGlobalSection
	GlobalSection(ProjectConfigurationPlatforms) = postSolution
		{2F8E938E-C0C6-4DB1-9CC0-46FA705B004D}.Debug|Any CPU.ActiveCfg = Debug|Any CPU
		{2F8E938E-C0C6-4DB1-9CC0-46FA705B004D}.Debug|Any CPU.Build.0 = Debug|Any CPU
		{2F8E938E-C0C6-4DB1-9CC0-46FA705B004D}.Release|Any CPU.ActiveCfg = Release|Any CPU
		{2F8E938E-C0C6-4DB1-9CC0-46FA705B004D}.Release|Any CPU.Build.0 = Release|Any CPU
	EndGlobalSection
	GlobalSection(SolutionProperties) = preSolution
		HideSolutionNode = FALSE
	EndGlobalSection
	GlobalSection(ExtensibilityGlobals) = postSolution
		SolutionGuid = {FAF685A9-EE5F-436A-BC0F-5D1AF965F98F}
	EndGlobalSection
EndGlobal
